
Microsoft Visual Studio Solution File, Format Version 12.00
# Visual Studio Version 16
VisualStudioVersion = 16.0.30011.22
MinimumVisualStudioVersion = 10.0.40219.1
Project("{FAE04EC0-301F-11D3-BF4B-00C04F79EFBC}") = "MathOperation", "Lab Polymorphism\MathOperation.csproj", "{95151C8D-21EF-4ADD-8751-A59E341CC607}"
EndProject
Project("{FAE04EC0-301F-11D3-BF4B-00C04F79EFBC}") = "Animals", "Animals\Animals.csproj", "{76ACB394-3383-4EE3-A460-5F64519CDDF9}"
EndProject
Project("{FAE04EC0-301F-11D3-BF4B-00C04F79EFBC}") = "Shapes", "Shapes\Shapes.csproj", "{723B86D8-487A-40AF-A6E4-4044C54431ED}"
EndProject
Global
	GlobalSection(SolutionConfigurationPlatforms) = preSolution
		Debug|Any CPU = Debug|Any CPU
		Release|Any CPU = Release|Any CPU
	EndGlobalSection
	GlobalSection(ProjectConfigurationPlatforms) = postSolution
		{95151C8D-21EF-4ADD-8751-A59E341CC607}.Debug|Any CPU.ActiveCfg = Debug|Any CPU
		{95151C8D-21EF-4ADD-8751-A59E341CC607}.Debug|Any CPU.Build.0 = Debug|Any CPU
		{95151C8D-21EF-4ADD-8751-A59E341CC607}.Release|Any CPU.ActiveCfg = Release|Any CPU
		{95151C8D-21EF-4ADD-8751-A59E341CC607}.Release|Any CPU.Build.0 = Release|Any CPU
		{76ACB394-3383-4EE3-A460-5F64519CDDF9}.Debug|Any CPU.ActiveCfg = Debug|Any CPU
		{76ACB394-3383-4EE3-A460-5F64519CDDF9}.Debug|Any CPU.Build.0 = Debug|Any CPU
		{76ACB394-3383-4EE3-A460-5F64519CDDF9}.Release|Any CPU.ActiveCfg = Release|Any CPU
		{76ACB394-3383-4EE3-A460-5F64519CDDF9}.Release|Any CPU.Build.0 = Release|Any CPU
		{723B86D8-487A-40AF-A6E4-4044C54431ED}.Debug|Any CPU.ActiveCfg = Debug|Any CPU
		{723B86D8-487A-40AF-A6E4-4044C54431ED}.Debug|Any CPU.Build.0 = Debug|Any CPU
		{723B86D8-487A-40AF-A6E4-4044C54431ED}.Release|Any CPU.ActiveCfg = Release|Any CPU
		{723B86D8-487A-40AF-A6E4-4044C54431ED}.Release|Any CPU.Build.0 = Release|Any CPU
	EndGlobalSection
	GlobalSection(SolutionProperties) = preSolution
		HideSolutionNode = FALSE
	EndGlobalSection
	GlobalSection(ExtensibilityGlobals) = postSolution
		SolutionGuid = {9C4C00D2-DB85-44F8-A115-EFF368305CDB}
	EndGlobalSection
EndGlobal
